// !$*UTF8*$!
{
	archiveVersion = 1;
	classes = {
	};
	objectVersion = 50;
	objects = {

/* Begin PBXBuildFile section */
		B7E870AA22631800001AB382 /* AppDelegate.swift in Sources */ = {isa = PBXBuildFile; fileRef = B7E870A922631800001AB382 /* AppDelegate.swift */; };
		B7E870AC22631800001AB382 /* ViewController.swift in Sources */ = {isa = PBXBuildFile; fileRef = B7E870AB22631800001AB382 /* ViewController.swift */; };
		B7E870AF22631800001AB382 /* Main.storyboard in Resources */ = {isa = PBXBuildFile; fileRef = B7E870AD22631800001AB382 /* Main.storyboard */; };
		B7E870B222631800001AB382 /* Signin_with_Stackview.xcdatamodeld in Sources */ = {isa = PBXBuildFile; fileRef = B7E870B022631800001AB382 /* Signin_with_Stackview.xcdatamodeld */; };
		B7E870B422631801001AB382 /* Assets.xcassets in Resources */ = {isa = PBXBuildFile; fileRef = B7E870B322631801001AB382 /* Assets.xcassets */; };
		B7E870B722631801001AB382 /* LaunchScreen.storyboard in Resources */ = {isa = PBXBuildFile; fileRef = B7E870B522631801001AB382 /* LaunchScreen.storyboard */; };
/* End PBXBuildFile section */

/* Begin PBXFileReference section */
		B7E870A622631800001AB382 /* Signin with Stackview.app */ = {isa = PBXFileReference; explicitFileType = wrapper.application; includeInIndex = 0; path = "Signin with Stackview.app"; sourceTree = BUILT_PRODUCTS_DIR; };
		B7E870A922631800001AB382 /* AppDelegate.swift */ = {isa = PBXFileReference; lastKnownFileType = sourcecode.swift; path = AppDelegate.swift; sourceTree = "<group>"; };
		B7E870AB22631800001AB382 /* ViewController.swift */ = {isa = PBXFileReference; lastKnownFileType = sourcecode.swift; path = ViewController.swift; sourceTree = "<group>"; };
		B7E870AE22631800001AB382 /* Base */ = {isa = PBXFileReference; lastKnownFileType = file.storyboard; name = Base; path = Base.lproj/Main.storyboard; sourceTree = "<group>"; };
		B7E870B122631800001AB382 /* Signin_with_Stackview.xcdatamodel */ = {isa = PBXFileReference; lastKnownFileType = wrapper.xcdatamodel; path = Signin_with_Stackview.xcdatamodel; sourceTree = "<group>"; };
		B7E870B322631801001AB382 /* Assets.xcassets */ = {isa = PBXFileReference; lastKnownFileType = folder.assetcatalog; path = Assets.xcassets; sourceTree = "<group>"; };
		B7E870B622631801001AB382 /* Base */ = {isa = PBXFileReference; lastKnownFileType = file.storyboard; name = Base; path = Base.lproj/LaunchScreen.storyboard; sourceTree = "<group>"; };
		B7E870B822631801001AB382 /* Info.plist */ = {isa = PBXFileReference; lastKnownFileType = text.plist.xml; path = Info.plist; sourceTree = "<group>"; };
/* End PBXFileReference section */

/* Begin PBXFrameworksBuildPhase section */
		B7E870A322631800001AB382 /* Frameworks */ = {
			isa = PBXFrameworksBuildPhase;
			buildActionMask = 2147483647;
			files = (
			);
			runOnlyForDeploymentPostprocessing = 0;
		};
/* End PBXFrameworksBuildPhase section */

/* Begin PBXGroup section */
		B7E8709D22631800001AB382 = {
			isa = PBXGroup;
			children = (
				B7E870A822631800001AB382 /* Signin with Stackview */,
				B7E870A722631800001AB382 /* Products */,
			);
			sourceTree = "<group>";
		};
		B7E870A722631800001AB382 /* Products */ = {
			isa = PBXGroup;
			children = (
				B7E870A622631800001AB382 /* Signin with Stackview.app */,
			);
			name = Products;
			sourceTree = "<group>";
		};
		B7E870A822631800001AB382 /* Signin with Stackview */ = {
			isa = PBXGroup;
			children = (
				B7E870A922631800001AB382 /* AppDelegate.swift */,
				B7E870AB22631800001AB382 /* ViewController.swift */,
				B7E870AD22631800001AB382 /* Main.storyboard */,
				B7E870B322631801001AB382 /* Assets.xcassets */,
				B7E870B522631801001AB382 /* LaunchScreen.storyboard */,
				B7E870B822631801001AB382 /* Info.plist */,
				B7E870B022631800001AB382 /* Signin_with_Stackview.xcdatamodeld */,
			);
			path = "Signin with Stackview";
			sourceTree = "<group>";
		};
/* End PBXGroup section */

/* Begin PBXNativeTarget section */
		B7E870A522631800001AB382 /* Signin with Stackview */ = {
			isa = PBXNativeTarget;
			buildConfigurationList = B7E870BB22631801001AB382 /* Build configuration list for PBXNativeTarget "Signin with Stackview" */;
			buildPhases = (
				B7E870A222631800001AB382 /* Sources */,
				B7E870A322631800001AB382 /* Frameworks */,
				B7E870A422631800001AB382 /* Resources */,
			);
			buildRules = (
			);
			dependencies = (
			);
			name = "Signin with Stackview";
			productName = "Signin with Stackview";
			productReference = B7E870A622631800001AB382 /* Signin with Stackview.app */;
			productType = "com.apple.product-type.application";
		};
/* End PBXNativeTarget section */

/* Begin PBXProject section */
		B7E8709E22631800001AB382 /* Project object */ = {
			isa = PBXProject;
			attributes = {
				LastSwiftUpdateCheck = 1020;
				LastUpgradeCheck = 1020;
				ORGANIZATIONNAME = "Apple Developer Academy";
				TargetAttributes = {
					B7E870A522631800001AB382 = {
						CreatedOnToolsVersion = 10.2;
					};
				};
			};
			buildConfigurationList = B7E870A122631800001AB382 /* Build configuration list for PBXProject "Signin with Stackview" */;
			compatibilityVersion = "Xcode 9.3";
			developmentRegion = en;
			hasScannedForEncodings = 0;
			knownRegions = (
				en,
				Base,
			);
			mainGroup = B7E8709D22631800001AB382;
			productRefGroup = B7E870A722631800001AB382 /* Products */;
			projectDirPath = "";
			projectRoot = "";
			targets = (
				B7E870A522631800001AB382 /* Signin with Stackview */,
			);
		};
/* End PBXProject section */

/* Begin PBXResourcesBuildPhase section */
		B7E870A422631800001AB382 /* Resources */ = {
			isa = PBXResourcesBuildPhase;
			buildActionMask = 2147483647;
			files = (
				B7E870B722631801001AB382 /* LaunchScreen.storyboard in Resources */,
				B7E870B422631801001AB382 /* Assets.xcassets in Resources */,
				B7E870AF22631800001AB382 /* Main.storyboard in Resources */,
			);
			runOnlyForDeploymentPostprocessing = 0;
		};
/* End PBXResourcesBuildPhase section */

/* Begin PBXSourcesBuildPhase section */
		B7E870A222631800001AB382 /* Sources */ = {
			isa = PBXSourcesBuildPhase;
			buildActionMask = 2147483647;
			files = (
				B7E870AC22631800001AB382 /* ViewController.swift in Sources */,
				B7E870AA22631800001AB382 /* AppDelegate.swift in Sources */,
				B7E870B222631800001AB382 /* Signin_with_Stackview.xcdatamodeld in Sources */,
			);
			runOnlyForDeploymentPostprocessing = 0;
		};
/* End PBXSourcesBuildPhase section */

/* Begin PBXVariantGroup section */
		B7E870AD22631800001AB382 /* Main.storyboard */ = {
			isa = PBXVariantGroup;
			children = (
				B7E870AE22631800001AB382 /* Base */,
			);
			name = Main.storyboard;
			sourceTree = "<group>";
		};
		B7E870B522631801001AB382 /* LaunchScreen.storyboard */ = {
			isa = PBXVariantGroup;
			children = (
				B7E870B622631801001AB382 /* Base */,
			);
			name = LaunchScreen.storyboard;
			sourceTree = "<group>";
		};
/* End PBXVariantGroup section */

/* Begin XCBuildConfiguration section */
		B7E870B922631801001AB382 /* Debug */ = {
			isa = XCBuildConfiguration;
			buildSettings = {
				ALWAYS_SEARCH_USER_PATHS = NO;
				CLANG_ANALYZER_NONNULL = YES;
				CLANG_ANALYZER_NUMBER_OBJECT_CONVERSION = YES_AGGRESSIVE;
				CLANG_CXX_LANGUAGE_STANDARD = "gnu++14";
				CLANG_CXX_LIBRARY = "libc++";
				CLANG_ENABLE_MODULES = YES;
				CLANG_ENABLE_OBJC_ARC = YES;
				CLANG_ENABLE_OBJC_WEAK = YES;
				CLANG_WARN_BLOCK_CAPTURE_AUTORELEASING = YES;
				CLANG_WARN_BOOL_CONVERSION = YES;
				CLANG_WARN_COMMA = YES;
				CLANG_WARN_CONSTANT_CONVERSION = YES;
				CLANG_WARN_DEPRECATED_OBJC_IMPLEMENTATIONS = YES;
				CLANG_WARN_DIRECT_OBJC_ISA_USAGE = YES_ERROR;
				CLANG_WARN_DOCUMENTATION_COMMENTS = YES;
				CLANG_WARN_EMPTY_BODY = YES;
				CLANG_WARN_ENUM_CONVERSION = YES;
				CLANG_WARN_INFINITE_RECURSION = YES;
				CLANG_WARN_INT_CONVERSION = YES;
				CLANG_WARN_NON_LITERAL_NULL_CONVERSION = YES;
				CLANG_WARN_OBJC_IMPLICIT_RETAIN_SELF = YES;
				CLANG_WARN_OBJC_LITERAL_CONVERSION = YES;
				CLANG_WARN_OBJC_ROOT_CLASS = YES_ERROR;
				CLANG_WARN_RANGE_LOOP_ANALYSIS = YES;
				CLANG_WARN_STRICT_PROTOTYPES = YES;
				CLANG_WARN_SUSPICIOUS_MOVE = YES;
				CLANG_WARN_UNGUARDED_AVAILABILITY = YES_AGGRESSIVE;
				CLANG_WARN_UNREACHABLE_CODE = YES;
				CLANG_WARN__DUPLICATE_METHOD_MATCH = YES;
				CODE_SIGN_IDENTITY = "iPhone Developer";
				COPY_PHASE_STRIP = NO;
				DEBUG_INFORMATION_FORMAT = dwarf;
				ENABLE_STRICT_OBJC_MSGSEND = YES;
				ENABLE_TESTABILITY = YES;
				GCC_C_LANGUAGE_STANDARD = gnu11;
				GCC_DYNAMIC_NO_PIC = NO;
				GCC_NO_COMMON_BLOCKS = YES;
				GCC_OPTIMIZATION_LEVEL = 0;
				GCC_PREPROCESSOR_DEFINITIONS = (
					"DEBUG=1",
					"$(inherited)",
				);
				GCC_WARN_64_TO_32_BIT_CONVERSION = YES;
				GCC_WARN_ABOUT_RETURN_TYPE = YES_ERROR;
				GCC_WARN_UNDECLARED_SELECTOR = YES;
				GCC_WARN_UNINITIALIZED_AUTOS = YES_AGGRESSIVE;
				GCC_WARN_UNUSED_FUNCTION = YES;
				GCC_WARN_UNUSED_VARIABLE = YES;
				IPHONEOS_DEPLOYMENT_TARGET = 12.2;
				MTL_ENABLE_DEBUG_INFO = INCLUDE_SOURCE;
				MTL_FAST_MATH = YES;
				ONLY_ACTIVE_ARCH = YES;
				SDKROOT = iphoneos;
				SWIFT_ACTIVE_COMPILATION_CONDITIONS = DEBUG;
				SWIFT_OPTIMIZATION_LEVEL = "-Onone";
			};
			name = Debug;
		};
		B7E870BA22631801001AB382 /* Release */ = {
			isa = XCBuildConfiguration;
			buildSettings = {
				ALWAYS_SEARCH_USER_PATHS = NO;
				CLANG_ANALYZER_NONNULL = YES;
				CLANG_ANALYZER_NUMBER_OBJECT_CONVERSION = YES_AGGRESSIVE;
				CLANG_CXX_LANGUAGE_STANDARD = "gnu++14";
				CLANG_CXX_LIBRARY = "libc++";
				CLANG_ENABLE_MODULES = YES;
				CLANG_ENABLE_OBJC_ARC = YES;
				CLANG_ENABLE_OBJC_WEAK = YES;
				CLANG_WARN_BLOCK_CAPTURE_AUTORELEASING = YES;
				CLANG_WARN_BOOL_CONVERSION = YES;
				CLANG_WARN_COMMA = YES;
				CLANG_WARN_CONSTANT_CONVERSION = YES;
				CLANG_WARN_DEPRECATED_OBJC_IMPLEMENTATIONS = YES;
				CLANG_WARN_DIRECT_OBJC_ISA_USAGE = YES_ERROR;
				CLANG_WARN_DOCUMENTATION_COMMENTS = YES;
				CLANG_WARN_EMPTY_BODY = YES;
				CLANG_WARN_ENUM_CONVERSION = YES;
				CLANG_WARN_INFINITE_RECURSION = YES;
				CLANG_WARN_INT_CONVERSION = YES;
				CLANG_WARN_NON_LITERAL_NULL_CONVERSION = YES;
				CLANG_WARN_OBJC_IMPLICIT_RETAIN_SELF = YES;
				CLANG_WARN_OBJC_LITERAL_CONVERSION = YES;
				CLANG_WARN_OBJC_ROOT_CLASS = YES_ERROR;
				CLANG_WARN_RANGE_LOOP_ANALYSIS = YES;
				CLANG_WARN_STRICT_PROTOTYPES = YES;
				CLANG_WARN_SUSPICIOUS_MOVE = YES;
				CLANG_WARN_UNGUARDED_AVAILABILITY = YES_AGGRESSIVE;
				CLANG_WARN_UNREACHABLE_CODE = YES;
				CLANG_WARN__DUPLICATE_METHOD_MATCH = YES;
				CODE_SIGN_IDENTITY = "iPhone Developer";
				COPY_PHASE_STRIP = NO;
				DEBUG_INFORMATION_FORMAT = "dwarf-with-dsym";
				ENABLE_NS_ASSERTIONS = NO;
				ENABLE_STRICT_OBJC_MSGSEND = YES;
				GCC_C_LANGUAGE_STANDARD = gnu11;
				GCC_NO_COMMON_BLOCKS = YES;
				GCC_WARN_64_TO_32_BIT_CONVERSION = YES;
				GCC_WARN_ABOUT_RETURN_TYPE = YES_ERROR;
				GCC_WARN_UNDECLARED_SELECTOR = YES;
				GCC_WARN_UNINITIALIZED_AUTOS = YES_AGGRESSIVE;
				GCC_WARN_UNUSED_FUNCTION = YES;
				GCC_WARN_UNUSED_VARIABLE = YES;
				IPHONEOS_DEPLOYMENT_TARGET = 12.2;
				MTL_ENABLE_DEBUG_INFO = NO;
				MTL_FAST_MATH = YES;
				SDKROOT = iphoneos;
				SWIFT_COMPILATION_MODE = wholemodule;
				SWIFT_OPTIMIZATION_LEVEL = "-O";
				VALIDATE_PRODUCT = YES;
			};
			name = Release;
		};
		B7E870BC22631801001AB382 /* Debug */ = {
			isa = XCBuildConfiguration;
			buildSettings = {
				ASSETCATALOG_COMPILER_APPICON_NAME = AppIcon;
				CODE_SIGN_STYLE = Automatic;
				DEVELOPMENT_TEAM = C476YGMRCM;
				INFOPLIST_FILE = "Signin with Stackview/Info.plist";
				LD_RUNPATH_SEARCH_PATHS = (
					"$(inherited)",
					"@executable_path/Frameworks",
				);
				PRODUCT_BUNDLE_IDENTIFIER = "Apple.Signin-with-Stackview";
				PRODUCT_NAME = "$(TARGET_NAME)";
				SWIFT_VERSION = 5.0;
				TARGETED_DEVICE_FAMILY = "1,2";
			};
			name = Debug;
		};
		B7E870BD22631801001AB382 /* Release */ = {
			isa = XCBuildConfiguration;
			buildSettings = {
				ASSETCATALOG_COMPILER_APPICON_NAME = AppIcon;
				CODE_SIGN_STYLE = Automatic;
				DEVELOPMENT_TEAM = C476YGMRCM;
				INFOPLIST_FILE = "Signin with Stackview/Info.plist";
				LD_RUNPATH_SEARCH_PATHS = (
					"$(inherited)",
					"@executable_path/Frameworks",
				);
				PRODUCT_BUNDLE_IDENTIFIER = "Apple.Signin-with-Stackview";
				PRODUCT_NAME = "$(TARGET_NAME)";
				SWIFT_VERSION = 5.0;
				TARGETED_DEVICE_FAMILY = "1,2";
			};
			name = Release;
		};
/* End XCBuildConfiguration section */

/* Begin XCConfigurationList section */
		B7E870A122631800001AB382 /* Build configuration list for PBXProject "Signin with Stackview" */ = {
			isa = XCConfigurationList;
			buildConfigurations = (
				B7E870B922631801001AB382 /* Debug */,
				B7E870BA22631801001AB382 /* Release */,
			);
			defaultConfigurationIsVisible = 0;
			defaultConfigurationName = Release;
		};
		B7E870BB22631801001AB382 /* Build configuration list for PBXNativeTarget "Signin with Stackview" */ = {
			isa = XCConfigurationList;
			buildConfigurations = (
				B7E870BC22631801001AB382 /* Debug */,
				B7E870BD22631801001AB382 /* Release */,
			);
			defaultConfigurationIsVisible = 0;
			defaultConfigurationName = Release;
		};
/* End XCConfigurationList section */

/* Begin XCVersionGroup section */
		B7E870B022631800001AB382 /* Signin_with_Stackview.xcdatamodeld */ = {
			isa = XCVersionGroup;
			children = (
				B7E870B122631800001AB382 /* Signin_with_Stackview.xcdatamodel */,
			);
			currentVersion = B7E870B122631800001AB382 /* Signin_with_Stackview.xcdatamodel */;
			path = Signin_with_Stackview.xcdatamodeld;
			sourceTree = "<group>";
			versionGroupType = wrapper.xcdatamodel;
		};
/* End XCVersionGroup section */
	};
	rootObject = B7E8709E22631800001AB382 /* Project object */;
}
